
Microsoft Visual Studio Solution File, Format Version 12.00
# Visual Studio 15
VisualStudioVersion = 15.0.27703.2000
MinimumVisualStudioVersion = 10.0.40219.1
Project("{FAE04EC0-301F-11D3-BF4B-00C04F79EFBC}") = "PointOfSalesSystem", "PointOfSalesSystem\PointOfSalesSystem.csproj", "{27B8AD53-205A-4664-95C5-3FC889B15971}"
EndProject
Project("{FAE04EC0-301F-11D3-BF4B-00C04F79EFBC}") = "POS.Models", "POS.Models\POS.Models.csproj", "{2202C685-AEE0-4BBE-B23B-2AEB8FF8A969}"
EndProject
Project("{FAE04EC0-301F-11D3-BF4B-00C04F79EFBC}") = "POS.Repository", "POS.Repository\POS.Repository.csproj", "{0E618828-4AD6-4DCD-AAAC-0F2A03DFA312}"
EndProject
Project("{FAE04EC0-301F-11D3-BF4B-00C04F79EFBC}") = "POS.BLL", "POS.BLL\POS.BLL.csproj", "{C1B021F0-F467-4D66-94FB-F842E73D5F16}"
EndProject
Global
	GlobalSection(SolutionConfigurationPlatforms) = preSolution
		Debug|Any CPU = Debug|Any CPU
		Release|Any CPU = Release|Any CPU
	EndGlobalSection
	GlobalSection(ProjectConfigurationPlatforms) = postSolution
		{27B8AD53-205A-4664-95C5-3FC889B15971}.Debug|Any CPU.ActiveCfg = Debug|Any CPU
		{27B8AD53-205A-4664-95C5-3FC889B15971}.Debug|Any CPU.Build.0 = Debug|Any CPU
		{27B8AD53-205A-4664-95C5-3FC889B15971}.Release|Any CPU.ActiveCfg = Release|Any CPU
		{27B8AD53-205A-4664-95C5-3FC889B15971}.Release|Any CPU.Build.0 = Release|Any CPU
		{2202C685-AEE0-4BBE-B23B-2AEB8FF8A969}.Debug|Any CPU.ActiveCfg = Debug|Any CPU
		{2202C685-AEE0-4BBE-B23B-2AEB8FF8A969}.Debug|Any CPU.Build.0 = Debug|Any CPU
		{2202C685-AEE0-4BBE-B23B-2AEB8FF8A969}.Release|Any CPU.ActiveCfg = Release|Any CPU
		{2202C685-AEE0-4BBE-B23B-2AEB8FF8A969}.Release|Any CPU.Build.0 = Release|Any CPU
		{0E618828-4AD6-4DCD-AAAC-0F2A03DFA312}.Debug|Any CPU.ActiveCfg = Debug|Any CPU
		{0E618828-4AD6-4DCD-AAAC-0F2A03DFA312}.Debug|Any CPU.Build.0 = Debug|Any CPU
		{0E618828-4AD6-4DCD-AAAC-0F2A03DFA312}.Release|Any CPU.ActiveCfg = Release|Any CPU
		{0E618828-4AD6-4DCD-AAAC-0F2A03DFA312}.Release|Any CPU.Build.0 = Release|Any CPU
		{C1B021F0-F467-4D66-94FB-F842E73D5F16}.Debug|Any CPU.ActiveCfg = Debug|Any CPU
		{C1B021F0-F467-4D66-94FB-F842E73D5F16}.Debug|Any CPU.Build.0 = Debug|Any CPU
		{C1B021F0-F467-4D66-94FB-F842E73D5F16}.Release|Any CPU.ActiveCfg = Release|Any CPU
		{C1B021F0-F467-4D66-94FB-F842E73D5F16}.Release|Any CPU.Build.0 = Release|Any CPU
	EndGlobalSection
	GlobalSection(SolutionProperties) = preSolution
		HideSolutionNode = FALSE
	EndGlobalSection
	GlobalSection(ExtensibilityGlobals) = postSolution
		SolutionGuid = {49932F8F-59B0-4C6A-B6FF-D37213141EE7}
	EndGlobalSection
EndGlobal
